
Microsoft Visual Studio Solution File, Format Version 12.00
# Visual Studio Version 16
VisualStudioVersion = 16.0.29215.179
MinimumVisualStudioVersion = 10.0.40219.1
Project("{2150E333-8FDC-42A3-9474-1A3956D46DE8}") = "Voluntario", "Voluntario", "{4B8B56D0-DBBE-4987-83D4-1959E24A6A25}"
EndProject
Project("{9A19103F-16F7-4668-BE54-9A1E7A4F7556}") = "Voluntario.Domain", "Voluntario.Domain\Voluntario.Domain.csproj", "{5E7DDE51-A37D-45F9-8D21-2D51387F9D0A}"
EndProject
Project("{2150E333-8FDC-42A3-9474-1A3956D46DE8}") = "CrossCutting", "CrossCutting", "{9BC1FCAE-3912-4D4D-9485-304D2141C860}"
EndProject
Project("{2150E333-8FDC-42A3-9474-1A3956D46DE8}") = "IoCManager", "IoCManager", "{D68853D3-1DC8-4296-885E-0E0A25F48E24}"
EndProject
Project("{9A19103F-16F7-4668-BE54-9A1E7A4F7556}") = "IocManager.Voluntario", "IocManager.Domain\IocManager.Voluntario.csproj", "{B1CDD72C-81B6-4B3F-8A5D-77001DEEE5E1}"
EndProject
Project("{9A19103F-16F7-4668-BE54-9A1E7A4F7556}") = "IoCManager.Voluntario.Test", "IoCManager.Voluntario.Test\IoCManager.Voluntario.Test.csproj", "{2A23CF84-24DA-494C-9F55-98F5155396E1}"
EndProject
Project("{2150E333-8FDC-42A3-9474-1A3956D46DE8}") = "Validations", "Validations", "{5C694182-DDFD-4D32-9A2B-E24987A881BD}"
EndProject
Project("{9A19103F-16F7-4668-BE54-9A1E7A4F7556}") = "CentralValidations", "CentralValidations\CentralValidations.csproj", "{752D8D35-4D1B-4231-8311-2E8F52F426DC}"
EndProject
Project("{9A19103F-16F7-4668-BE54-9A1E7A4F7556}") = "CentralValidations.Test", "CentralValidations.Tests\CentralValidations.Test.csproj", "{28CAB125-3665-4DD6-9BE7-CD4D29521C64}"
EndProject
Project("{2150E333-8FDC-42A3-9474-1A3956D46DE8}") = "SharedModel", "SharedModel", "{B3CFB0CE-F887-4DAE-9CB5-776EF0F2FB1C}"
EndProject
Project("{9A19103F-16F7-4668-BE54-9A1E7A4F7556}") = "CentralSharedModel", "CentralSharedModel\CentralSharedModel.csproj", "{FBE51AD8-7B73-456E-AAF6-A8A9932C3D79}"
EndProject
Project("{9A19103F-16F7-4668-BE54-9A1E7A4F7556}") = "IoCManager.SharedModel", "IoCManagerSharedModel\IoCManager.SharedModel.csproj", "{7F53CDC5-AEE8-4042-906A-B841FED2B636}"
EndProject
Project("{FAE04EC0-301F-11D3-BF4B-00C04F79EFBC}") = "Voluntario.Repository", "Voluntario.Repository\Voluntario.Repository.csproj", "{A7EF77DF-5A9D-433F-BDF6-6867AE3DC05E}"
EndProject
Global
	GlobalSection(SolutionConfigurationPlatforms) = preSolution
		Debug|Any CPU = Debug|Any CPU
		Release|Any CPU = Release|Any CPU
	EndGlobalSection
	GlobalSection(ProjectConfigurationPlatforms) = postSolution
		{5E7DDE51-A37D-45F9-8D21-2D51387F9D0A}.Debug|Any CPU.ActiveCfg = Debug|Any CPU
		{5E7DDE51-A37D-45F9-8D21-2D51387F9D0A}.Debug|Any CPU.Build.0 = Debug|Any CPU
		{5E7DDE51-A37D-45F9-8D21-2D51387F9D0A}.Release|Any CPU.ActiveCfg = Release|Any CPU
		{5E7DDE51-A37D-45F9-8D21-2D51387F9D0A}.Release|Any CPU.Build.0 = Release|Any CPU
		{B1CDD72C-81B6-4B3F-8A5D-77001DEEE5E1}.Debug|Any CPU.ActiveCfg = Debug|Any CPU
		{B1CDD72C-81B6-4B3F-8A5D-77001DEEE5E1}.Debug|Any CPU.Build.0 = Debug|Any CPU
		{B1CDD72C-81B6-4B3F-8A5D-77001DEEE5E1}.Release|Any CPU.ActiveCfg = Release|Any CPU
		{B1CDD72C-81B6-4B3F-8A5D-77001DEEE5E1}.Release|Any CPU.Build.0 = Release|Any CPU
		{2A23CF84-24DA-494C-9F55-98F5155396E1}.Debug|Any CPU.ActiveCfg = Debug|Any CPU
		{2A23CF84-24DA-494C-9F55-98F5155396E1}.Debug|Any CPU.Build.0 = Debug|Any CPU
		{2A23CF84-24DA-494C-9F55-98F5155396E1}.Release|Any CPU.ActiveCfg = Release|Any CPU
		{2A23CF84-24DA-494C-9F55-98F5155396E1}.Release|Any CPU.Build.0 = Release|Any CPU
		{752D8D35-4D1B-4231-8311-2E8F52F426DC}.Debug|Any CPU.ActiveCfg = Debug|Any CPU
		{752D8D35-4D1B-4231-8311-2E8F52F426DC}.Debug|Any CPU.Build.0 = Debug|Any CPU
		{752D8D35-4D1B-4231-8311-2E8F52F426DC}.Release|Any CPU.ActiveCfg = Release|Any CPU
		{752D8D35-4D1B-4231-8311-2E8F52F426DC}.Release|Any CPU.Build.0 = Release|Any CPU
		{28CAB125-3665-4DD6-9BE7-CD4D29521C64}.Debug|Any CPU.ActiveCfg = Debug|Any CPU
		{28CAB125-3665-4DD6-9BE7-CD4D29521C64}.Debug|Any CPU.Build.0 = Debug|Any CPU
		{28CAB125-3665-4DD6-9BE7-CD4D29521C64}.Release|Any CPU.ActiveCfg = Release|Any CPU
		{28CAB125-3665-4DD6-9BE7-CD4D29521C64}.Release|Any CPU.Build.0 = Release|Any CPU
		{FBE51AD8-7B73-456E-AAF6-A8A9932C3D79}.Debug|Any CPU.ActiveCfg = Debug|Any CPU
		{FBE51AD8-7B73-456E-AAF6-A8A9932C3D79}.Debug|Any CPU.Build.0 = Debug|Any CPU
		{FBE51AD8-7B73-456E-AAF6-A8A9932C3D79}.Release|Any CPU.ActiveCfg = Release|Any CPU
		{FBE51AD8-7B73-456E-AAF6-A8A9932C3D79}.Release|Any CPU.Build.0 = Release|Any CPU
		{7F53CDC5-AEE8-4042-906A-B841FED2B636}.Debug|Any CPU.ActiveCfg = Debug|Any CPU
		{7F53CDC5-AEE8-4042-906A-B841FED2B636}.Debug|Any CPU.Build.0 = Debug|Any CPU
		{7F53CDC5-AEE8-4042-906A-B841FED2B636}.Release|Any CPU.ActiveCfg = Release|Any CPU
		{7F53CDC5-AEE8-4042-906A-B841FED2B636}.Release|Any CPU.Build.0 = Release|Any CPU
		{A7EF77DF-5A9D-433F-BDF6-6867AE3DC05E}.Debug|Any CPU.ActiveCfg = Debug|Any CPU
		{A7EF77DF-5A9D-433F-BDF6-6867AE3DC05E}.Debug|Any CPU.Build.0 = Debug|Any CPU
		{A7EF77DF-5A9D-433F-BDF6-6867AE3DC05E}.Release|Any CPU.ActiveCfg = Release|Any CPU
		{A7EF77DF-5A9D-433F-BDF6-6867AE3DC05E}.Release|Any CPU.Build.0 = Release|Any CPU
	EndGlobalSection
	GlobalSection(SolutionProperties) = preSolution
		HideSolutionNode = FALSE
	EndGlobalSection
	GlobalSection(NestedProjects) = preSolution
		{5E7DDE51-A37D-45F9-8D21-2D51387F9D0A} = {4B8B56D0-DBBE-4987-83D4-1959E24A6A25}
		{D68853D3-1DC8-4296-885E-0E0A25F48E24} = {9BC1FCAE-3912-4D4D-9485-304D2141C860}
		{B1CDD72C-81B6-4B3F-8A5D-77001DEEE5E1} = {D68853D3-1DC8-4296-885E-0E0A25F48E24}
		{2A23CF84-24DA-494C-9F55-98F5155396E1} = {D68853D3-1DC8-4296-885E-0E0A25F48E24}
		{5C694182-DDFD-4D32-9A2B-E24987A881BD} = {9BC1FCAE-3912-4D4D-9485-304D2141C860}
		{752D8D35-4D1B-4231-8311-2E8F52F426DC} = {5C694182-DDFD-4D32-9A2B-E24987A881BD}
		{28CAB125-3665-4DD6-9BE7-CD4D29521C64} = {5C694182-DDFD-4D32-9A2B-E24987A881BD}
		{B3CFB0CE-F887-4DAE-9CB5-776EF0F2FB1C} = {9BC1FCAE-3912-4D4D-9485-304D2141C860}
		{FBE51AD8-7B73-456E-AAF6-A8A9932C3D79} = {B3CFB0CE-F887-4DAE-9CB5-776EF0F2FB1C}
		{7F53CDC5-AEE8-4042-906A-B841FED2B636} = {D68853D3-1DC8-4296-885E-0E0A25F48E24}
		{A7EF77DF-5A9D-433F-BDF6-6867AE3DC05E} = {4B8B56D0-DBBE-4987-83D4-1959E24A6A25}
	EndGlobalSection
	GlobalSection(ExtensibilityGlobals) = postSolution
		SolutionGuid = {98EF0224-F03B-4148-9EC3-D50C12A24B41}
	EndGlobalSection
EndGlobal
