
Microsoft Visual Studio Solution File, Format Version 12.00
# Visual Studio Version 16
VisualStudioVersion = 16.0.29613.14
MinimumVisualStudioVersion = 10.0.40219.1
Project("{2150E333-8FDC-42A3-9474-1A3956D46DE8}") = "Voluntario", "Voluntario", "{4B8B56D0-DBBE-4987-83D4-1959E24A6A25}"
EndProject
Project("{9A19103F-16F7-4668-BE54-9A1E7A4F7556}") = "Voluntario.Domain", "Voluntario.Domain\Voluntario.Domain.csproj", "{5E7DDE51-A37D-45F9-8D21-2D51387F9D0A}"
EndProject
Project("{2150E333-8FDC-42A3-9474-1A3956D46DE8}") = "CrossCutting", "CrossCutting", "{9BC1FCAE-3912-4D4D-9485-304D2141C860}"
EndProject
Project("{2150E333-8FDC-42A3-9474-1A3956D46DE8}") = "IoCManager", "IoCManager", "{D68853D3-1DC8-4296-885E-0E0A25F48E24}"
EndProject
Project("{9A19103F-16F7-4668-BE54-9A1E7A4F7556}") = "IoCManager.Voluntario.Test", "IoCManager.Voluntario.Test\IoCManager.Voluntario.Test.csproj", "{2A23CF84-24DA-494C-9F55-98F5155396E1}"
EndProject
Project("{2150E333-8FDC-42A3-9474-1A3956D46DE8}") = "Validations", "Validations", "{5C694182-DDFD-4D32-9A2B-E24987A881BD}"
EndProject
Project("{9A19103F-16F7-4668-BE54-9A1E7A4F7556}") = "CentralValidations", "CentralValidations\CentralValidations.csproj", "{752D8D35-4D1B-4231-8311-2E8F52F426DC}"
EndProject
Project("{9A19103F-16F7-4668-BE54-9A1E7A4F7556}") = "CentralValidations.Test", "CentralValidations.Tests\CentralValidations.Test.csproj", "{28CAB125-3665-4DD6-9BE7-CD4D29521C64}"
EndProject
Project("{2150E333-8FDC-42A3-9474-1A3956D46DE8}") = "SharedModel", "SharedModel", "{B3CFB0CE-F887-4DAE-9CB5-776EF0F2FB1C}"
EndProject
Project("{9A19103F-16F7-4668-BE54-9A1E7A4F7556}") = "CentralSharedModel", "CentralSharedModel\CentralSharedModel.csproj", "{FBE51AD8-7B73-456E-AAF6-A8A9932C3D79}"
EndProject
Project("{9A19103F-16F7-4668-BE54-9A1E7A4F7556}") = "IoCManager.SharedModel", "IoCManagerSharedModel\IoCManager.SharedModel.csproj", "{7F53CDC5-AEE8-4042-906A-B841FED2B636}"
EndProject
Project("{9A19103F-16F7-4668-BE54-9A1E7A4F7556}") = "Voluntario.Data.Repository", "Voluntario.Repository\Voluntario.Data.Repository.csproj", "{A7EF77DF-5A9D-433F-BDF6-6867AE3DC05E}"
EndProject
Project("{9A19103F-16F7-4668-BE54-9A1E7A4F7556}") = "IoCManager.BaseClasses", "IoCManager.BaseClasses\IoCManager.BaseClasses.csproj", "{31189197-BB88-4352-88DF-D72A45D7D37B}"
EndProject
Project("{9A19103F-16F7-4668-BE54-9A1E7A4F7556}") = "IoCManager.Voluntario.Model", "IocManager.Voluntario.Model\IoCManager.Voluntario.Model.csproj", "{F04A06E4-A9C1-4400-B721-92B27E38FDCC}"
EndProject
Project("{9A19103F-16F7-4668-BE54-9A1E7A4F7556}") = "IoCManager.Voluntario.Business", "IocManager.Voluntario.Business\IoCManager.Voluntario.Business.csproj", "{02C714C7-6EA7-4770-8C08-439CC4DBFF8F}"
EndProject
Project("{2150E333-8FDC-42A3-9474-1A3956D46DE8}") = "Data", "Data", "{AC5B4716-07BC-475C-B5AD-CFA7DD9B9382}"
EndProject
Project("{9A19103F-16F7-4668-BE54-9A1E7A4F7556}") = "Voluntario.Data.Context", "Voluntario.Data.Context\Voluntario.Data.Context.csproj", "{914F4971-4339-4116-84BD-DC7085CE7610}"
EndProject
Project("{9A19103F-16F7-4668-BE54-9A1E7A4F7556}") = "IoCManager.Voluntario.Data.Context", "IoCManager.Voluntario.Data.Context\IoCManager.Voluntario.Data.Context.csproj", "{3D892499-EE84-489B-AA07-50DBF9B39F81}"
EndProject
Project("{2150E333-8FDC-42A3-9474-1A3956D46DE8}") = "Domain", "Domain", "{28AE2CC7-C39B-45E7-819A-6B964373BE0B}"
EndProject
Project("{2150E333-8FDC-42A3-9474-1A3956D46DE8}") = "Application", "Application", "{8E1DD074-E878-4F85-AC74-B9FF498BB458}"
EndProject
Project("{2150E333-8FDC-42A3-9474-1A3956D46DE8}") = "API", "API", "{458580D3-7D90-43CB-B965-E255445703DE}"
EndProject
Project("{2150E333-8FDC-42A3-9474-1A3956D46DE8}") = "Tracer", "Tracer", "{25511CAA-4FC7-4024-B666-423B1F72C296}"
EndProject
Project("{9A19103F-16F7-4668-BE54-9A1E7A4F7556}") = "CentralTracer.Model", "CentralTracer\CentralTracer.Model.csproj", "{5610A197-9D35-4212-A449-9CFD4CB0089C}"
EndProject
Project("{9A19103F-16F7-4668-BE54-9A1E7A4F7556}") = "IoCManager.CentralTrace.Model", "IoCManager.TraceModel\IoCManager.CentralTrace.Model.csproj", "{9D0AC25E-4702-4F07-B2B5-4259121DA58E}"
EndProject
Project("{9A19103F-16F7-4668-BE54-9A1E7A4F7556}") = "CentralTracer.Business.Publisher", "CentralTracer.Business\CentralTracer.Business.Publisher.csproj", "{6A5C3C48-709A-4742-AB95-050B83DF5031}"
EndProject
Project("{9A19103F-16F7-4668-BE54-9A1E7A4F7556}") = "CentralTracer.Subscriber", "CentralTracer.Subscriber\CentralTracer.Subscriber.csproj", "{ABE50F0A-73E2-4489-87EA-B0E484069CA5}"
EndProject
Project("{2150E333-8FDC-42A3-9474-1A3956D46DE8}") = "MQManager", "MQManager", "{0F667114-831E-4E55-A8F5-1A78539F6B38}"
EndProject
Project("{9A19103F-16F7-4668-BE54-9A1E7A4F7556}") = "CentralMQManager", "CentralMQManager\CentralMQManager.csproj", "{C9151BB9-F46D-4079-A16F-A6FCF9D1F007}"
EndProject
Project("{9A19103F-16F7-4668-BE54-9A1E7A4F7556}") = "IoCManager.CentralMQManager", "IoCManager.CentralMQManager\IoCManager.CentralMQManager.csproj", "{9D5AAB48-7134-4ABC-8D8D-659EFBCAA96F}"
EndProject
Project("{9A19103F-16F7-4668-BE54-9A1E7A4F7556}") = "Voluntario.Application.Persistence", "Voluntario.Application\Voluntario.Application.Persistence.csproj", "{63ED3A24-B83E-442D-8DFB-E2B182FF3C89}"
EndProject
Project("{9A19103F-16F7-4668-BE54-9A1E7A4F7556}") = "IoCManager.Voluntario.Data.Repository", "IoCManager.Voluntario.Data.Repository\IoCManager.Voluntario.Data.Repository.csproj", "{8E909B40-1F53-4701-A971-70FDB14E3A01}"
EndProject
Project("{9A19103F-16F7-4668-BE54-9A1E7A4F7556}") = "IoCManager.CentralTrace.Business.Publisher", "IoCManager.CentralTrace.Business.Publisher\IoCManager.CentralTrace.Business.Publisher.csproj", "{9319A257-206C-4B9F-8DF9-E936F81CFC87}"
EndProject
Project("{9A19103F-16F7-4668-BE54-9A1E7A4F7556}") = "Voluntario.Application.Tests", "Voluntario.Application.Tests\Voluntario.Application.Tests.csproj", "{135F9F70-0F5A-4FF1-9D2F-94A23928D888}"
EndProject
Project("{2150E333-8FDC-42A3-9474-1A3956D46DE8}") = "Serializaton", "Serializaton", "{43DAA42A-FADE-453B-9005-E5CC0469AAE1}"
EndProject
Project("{9A19103F-16F7-4668-BE54-9A1E7A4F7556}") = "SerializationManager.Voluntario", "SerializationManager.Voluntario\SerializationManager.Voluntario.csproj", "{16D8800B-C382-4EC7-A382-7E0168075B63}"
EndProject
Project("{9A19103F-16F7-4668-BE54-9A1E7A4F7556}") = "IoCManager.SerializationManager.Voluntario", "IoCManager.SerializationManager.Voluntario\IoCManager.SerializationManager.Voluntario.csproj", "{A8B0A3FD-6345-4D9F-BF15-009F09B3953B}"
EndProject
Project("{9A19103F-16F7-4668-BE54-9A1E7A4F7556}") = "SerializationManager.Voluntario.Tests", "SerializationManager.Voluntario.Tests\SerializationManager.Voluntario.Tests.csproj", "{B354F2BA-A943-4A27-BFA8-9DC94A02645D}"
EndProject
Project("{2150E333-8FDC-42A3-9474-1A3956D46DE8}") = "Cryptography", "Cryptography", "{E50EE55D-A3D8-45D3-9F50-3988DAE55CEC}"
EndProject
Project("{2150E333-8FDC-42A3-9474-1A3956D46DE8}") = "EnviromentVariablesManager", "EnviromentVariablesManager", "{6E976133-C90F-4F29-BF44-9E464DB887A1}"
EndProject
Project("{9A19103F-16F7-4668-BE54-9A1E7A4F7556}") = "EnviromentVariablesManager.Domain", "EnviromentVariablesManager.Domain\EnviromentVariablesManager.Domain.csproj", "{60CF6A81-3557-4B1E-8858-3A54377EEBA6}"
EndProject
Project("{9A19103F-16F7-4668-BE54-9A1E7A4F7556}") = "EnviromentVariablesManager.Application", "EnviromentVariablesManager.Application\EnviromentVariablesManager.Application.csproj", "{832A5E59-5582-4292-8E6A-1C79F4C0D3EA}"
EndProject
Project("{9A19103F-16F7-4668-BE54-9A1E7A4F7556}") = "Cryptography", "Criptography.Business\Cryptography.csproj", "{4063AB59-568C-4932-A111-66D287537BA8}"
EndProject
Project("{9A19103F-16F7-4668-BE54-9A1E7A4F7556}") = "IoCManager.Voluntario.Application", "IoCManager.Voluntario.Application\IoCManager.Voluntario.Application.csproj", "{BA563AF6-AB48-482D-9A6E-1E7F1D04B14B}"
EndProject
Project("{9A19103F-16F7-4668-BE54-9A1E7A4F7556}") = "CryprographyTests", "CryprographyTests\CryprographyTests.csproj", "{702DCC8B-4769-499E-9DF8-CBE1EE89F7F0}"
EndProject
Project("{9A19103F-16F7-4668-BE54-9A1E7A4F7556}") = "IoCManager.Cryptography", "IoCManager.Cryptography\IoCManager.Cryptography.csproj", "{B253E8D0-84FA-4FB9-BABF-64BF4CD8C574}"
EndProject
Project("{9A19103F-16F7-4668-BE54-9A1E7A4F7556}") = "Voluntario.API.Rest", "Voluntario.API.Rest\Voluntario.API.Rest.csproj", "{29B463C1-851A-4EBC-9721-8D7E2090E401}"
EndProject
Project("{9A19103F-16F7-4668-BE54-9A1E7A4F7556}") = "Voluntario.API.SOUP", "Voluntario.API.SOUP\Voluntario.API.SOUP.csproj", "{75558731-53A4-4E2C-AC36-F2BD110A5F8C}"
EndProject
Project("{2150E333-8FDC-42A3-9474-1A3956D46DE8}") = "Adm", "Adm", "{04DD8D69-38D8-40D3-85AB-2AAB34ABC711}"
EndProject
Project("{2150E333-8FDC-42A3-9474-1A3956D46DE8}") = "Domain", "Domain", "{401114FE-593B-43ED-8E08-69CAD2B0187E}"
EndProject
Project("{2150E333-8FDC-42A3-9474-1A3956D46DE8}") = "Data", "Data", "{C57D8D77-EEB4-47A5-80BA-2FE5C1B8DCB2}"
EndProject
Project("{2150E333-8FDC-42A3-9474-1A3956D46DE8}") = "Application", "Application", "{D7F4A66B-8A3E-4C80-A360-73AE415F31F4}"
EndProject
Project("{2150E333-8FDC-42A3-9474-1A3956D46DE8}") = "API", "API", "{093860E6-3642-41DB-A189-BAB00FED9E10}"
EndProject
Project("{FAE04EC0-301F-11D3-BF4B-00C04F79EFBC}") = "Voluntario.Application.Query", "Voluntario.Application.Query\Voluntario.Application.Query.csproj", "{0C8527E4-F289-4C79-820B-337D76C07F1E}"
EndProject
Project("{FAE04EC0-301F-11D3-BF4B-00C04F79EFBC}") = "Voluntario.Application.BaseClasses", "Voluntario.Application.BaseClasses\Voluntario.Application.BaseClasses.csproj", "{B2985881-83DE-4D6D-A14E-1ACF49735831}"
EndProject
Global
	GlobalSection(SolutionConfigurationPlatforms) = preSolution
		Debug|Any CPU = Debug|Any CPU
		Release|Any CPU = Release|Any CPU
	EndGlobalSection
	GlobalSection(ProjectConfigurationPlatforms) = postSolution
		{5E7DDE51-A37D-45F9-8D21-2D51387F9D0A}.Debug|Any CPU.ActiveCfg = Debug|Any CPU
		{5E7DDE51-A37D-45F9-8D21-2D51387F9D0A}.Debug|Any CPU.Build.0 = Debug|Any CPU
		{5E7DDE51-A37D-45F9-8D21-2D51387F9D0A}.Release|Any CPU.ActiveCfg = Release|Any CPU
		{5E7DDE51-A37D-45F9-8D21-2D51387F9D0A}.Release|Any CPU.Build.0 = Release|Any CPU
		{2A23CF84-24DA-494C-9F55-98F5155396E1}.Debug|Any CPU.ActiveCfg = Debug|Any CPU
		{2A23CF84-24DA-494C-9F55-98F5155396E1}.Debug|Any CPU.Build.0 = Debug|Any CPU
		{2A23CF84-24DA-494C-9F55-98F5155396E1}.Release|Any CPU.ActiveCfg = Release|Any CPU
		{2A23CF84-24DA-494C-9F55-98F5155396E1}.Release|Any CPU.Build.0 = Release|Any CPU
		{752D8D35-4D1B-4231-8311-2E8F52F426DC}.Debug|Any CPU.ActiveCfg = Debug|Any CPU
		{752D8D35-4D1B-4231-8311-2E8F52F426DC}.Debug|Any CPU.Build.0 = Debug|Any CPU
		{752D8D35-4D1B-4231-8311-2E8F52F426DC}.Release|Any CPU.ActiveCfg = Release|Any CPU
		{752D8D35-4D1B-4231-8311-2E8F52F426DC}.Release|Any CPU.Build.0 = Release|Any CPU
		{28CAB125-3665-4DD6-9BE7-CD4D29521C64}.Debug|Any CPU.ActiveCfg = Debug|Any CPU
		{28CAB125-3665-4DD6-9BE7-CD4D29521C64}.Debug|Any CPU.Build.0 = Debug|Any CPU
		{28CAB125-3665-4DD6-9BE7-CD4D29521C64}.Release|Any CPU.ActiveCfg = Release|Any CPU
		{28CAB125-3665-4DD6-9BE7-CD4D29521C64}.Release|Any CPU.Build.0 = Release|Any CPU
		{FBE51AD8-7B73-456E-AAF6-A8A9932C3D79}.Debug|Any CPU.ActiveCfg = Debug|Any CPU
		{FBE51AD8-7B73-456E-AAF6-A8A9932C3D79}.Debug|Any CPU.Build.0 = Debug|Any CPU
		{FBE51AD8-7B73-456E-AAF6-A8A9932C3D79}.Release|Any CPU.ActiveCfg = Release|Any CPU
		{FBE51AD8-7B73-456E-AAF6-A8A9932C3D79}.Release|Any CPU.Build.0 = Release|Any CPU
		{7F53CDC5-AEE8-4042-906A-B841FED2B636}.Debug|Any CPU.ActiveCfg = Debug|Any CPU
		{7F53CDC5-AEE8-4042-906A-B841FED2B636}.Debug|Any CPU.Build.0 = Debug|Any CPU
		{7F53CDC5-AEE8-4042-906A-B841FED2B636}.Release|Any CPU.ActiveCfg = Release|Any CPU
		{7F53CDC5-AEE8-4042-906A-B841FED2B636}.Release|Any CPU.Build.0 = Release|Any CPU
		{A7EF77DF-5A9D-433F-BDF6-6867AE3DC05E}.Debug|Any CPU.ActiveCfg = Debug|Any CPU
		{A7EF77DF-5A9D-433F-BDF6-6867AE3DC05E}.Debug|Any CPU.Build.0 = Debug|Any CPU
		{A7EF77DF-5A9D-433F-BDF6-6867AE3DC05E}.Release|Any CPU.ActiveCfg = Release|Any CPU
		{A7EF77DF-5A9D-433F-BDF6-6867AE3DC05E}.Release|Any CPU.Build.0 = Release|Any CPU
		{31189197-BB88-4352-88DF-D72A45D7D37B}.Debug|Any CPU.ActiveCfg = Debug|Any CPU
		{31189197-BB88-4352-88DF-D72A45D7D37B}.Debug|Any CPU.Build.0 = Debug|Any CPU
		{31189197-BB88-4352-88DF-D72A45D7D37B}.Release|Any CPU.ActiveCfg = Release|Any CPU
		{31189197-BB88-4352-88DF-D72A45D7D37B}.Release|Any CPU.Build.0 = Release|Any CPU
		{F04A06E4-A9C1-4400-B721-92B27E38FDCC}.Debug|Any CPU.ActiveCfg = Debug|Any CPU
		{F04A06E4-A9C1-4400-B721-92B27E38FDCC}.Debug|Any CPU.Build.0 = Debug|Any CPU
		{F04A06E4-A9C1-4400-B721-92B27E38FDCC}.Release|Any CPU.ActiveCfg = Release|Any CPU
		{F04A06E4-A9C1-4400-B721-92B27E38FDCC}.Release|Any CPU.Build.0 = Release|Any CPU
		{02C714C7-6EA7-4770-8C08-439CC4DBFF8F}.Debug|Any CPU.ActiveCfg = Debug|Any CPU
		{02C714C7-6EA7-4770-8C08-439CC4DBFF8F}.Debug|Any CPU.Build.0 = Debug|Any CPU
		{02C714C7-6EA7-4770-8C08-439CC4DBFF8F}.Release|Any CPU.ActiveCfg = Release|Any CPU
		{02C714C7-6EA7-4770-8C08-439CC4DBFF8F}.Release|Any CPU.Build.0 = Release|Any CPU
		{914F4971-4339-4116-84BD-DC7085CE7610}.Debug|Any CPU.ActiveCfg = Debug|Any CPU
		{914F4971-4339-4116-84BD-DC7085CE7610}.Debug|Any CPU.Build.0 = Debug|Any CPU
		{914F4971-4339-4116-84BD-DC7085CE7610}.Release|Any CPU.ActiveCfg = Release|Any CPU
		{914F4971-4339-4116-84BD-DC7085CE7610}.Release|Any CPU.Build.0 = Release|Any CPU
		{3D892499-EE84-489B-AA07-50DBF9B39F81}.Debug|Any CPU.ActiveCfg = Debug|Any CPU
		{3D892499-EE84-489B-AA07-50DBF9B39F81}.Debug|Any CPU.Build.0 = Debug|Any CPU
		{3D892499-EE84-489B-AA07-50DBF9B39F81}.Release|Any CPU.ActiveCfg = Release|Any CPU
		{3D892499-EE84-489B-AA07-50DBF9B39F81}.Release|Any CPU.Build.0 = Release|Any CPU
		{5610A197-9D35-4212-A449-9CFD4CB0089C}.Debug|Any CPU.ActiveCfg = Debug|Any CPU
		{5610A197-9D35-4212-A449-9CFD4CB0089C}.Debug|Any CPU.Build.0 = Debug|Any CPU
		{5610A197-9D35-4212-A449-9CFD4CB0089C}.Release|Any CPU.ActiveCfg = Release|Any CPU
		{5610A197-9D35-4212-A449-9CFD4CB0089C}.Release|Any CPU.Build.0 = Release|Any CPU
		{9D0AC25E-4702-4F07-B2B5-4259121DA58E}.Debug|Any CPU.ActiveCfg = Debug|Any CPU
		{9D0AC25E-4702-4F07-B2B5-4259121DA58E}.Debug|Any CPU.Build.0 = Debug|Any CPU
		{9D0AC25E-4702-4F07-B2B5-4259121DA58E}.Release|Any CPU.ActiveCfg = Release|Any CPU
		{9D0AC25E-4702-4F07-B2B5-4259121DA58E}.Release|Any CPU.Build.0 = Release|Any CPU
		{6A5C3C48-709A-4742-AB95-050B83DF5031}.Debug|Any CPU.ActiveCfg = Debug|Any CPU
		{6A5C3C48-709A-4742-AB95-050B83DF5031}.Debug|Any CPU.Build.0 = Debug|Any CPU
		{6A5C3C48-709A-4742-AB95-050B83DF5031}.Release|Any CPU.ActiveCfg = Release|Any CPU
		{6A5C3C48-709A-4742-AB95-050B83DF5031}.Release|Any CPU.Build.0 = Release|Any CPU
		{ABE50F0A-73E2-4489-87EA-B0E484069CA5}.Debug|Any CPU.ActiveCfg = Debug|Any CPU
		{ABE50F0A-73E2-4489-87EA-B0E484069CA5}.Debug|Any CPU.Build.0 = Debug|Any CPU
		{ABE50F0A-73E2-4489-87EA-B0E484069CA5}.Release|Any CPU.ActiveCfg = Release|Any CPU
		{ABE50F0A-73E2-4489-87EA-B0E484069CA5}.Release|Any CPU.Build.0 = Release|Any CPU
		{C9151BB9-F46D-4079-A16F-A6FCF9D1F007}.Debug|Any CPU.ActiveCfg = Debug|Any CPU
		{C9151BB9-F46D-4079-A16F-A6FCF9D1F007}.Debug|Any CPU.Build.0 = Debug|Any CPU
		{C9151BB9-F46D-4079-A16F-A6FCF9D1F007}.Release|Any CPU.ActiveCfg = Release|Any CPU
		{C9151BB9-F46D-4079-A16F-A6FCF9D1F007}.Release|Any CPU.Build.0 = Release|Any CPU
		{9D5AAB48-7134-4ABC-8D8D-659EFBCAA96F}.Debug|Any CPU.ActiveCfg = Debug|Any CPU
		{9D5AAB48-7134-4ABC-8D8D-659EFBCAA96F}.Debug|Any CPU.Build.0 = Debug|Any CPU
		{9D5AAB48-7134-4ABC-8D8D-659EFBCAA96F}.Release|Any CPU.ActiveCfg = Release|Any CPU
		{9D5AAB48-7134-4ABC-8D8D-659EFBCAA96F}.Release|Any CPU.Build.0 = Release|Any CPU
		{63ED3A24-B83E-442D-8DFB-E2B182FF3C89}.Debug|Any CPU.ActiveCfg = Debug|Any CPU
		{63ED3A24-B83E-442D-8DFB-E2B182FF3C89}.Debug|Any CPU.Build.0 = Debug|Any CPU
		{63ED3A24-B83E-442D-8DFB-E2B182FF3C89}.Release|Any CPU.ActiveCfg = Release|Any CPU
		{63ED3A24-B83E-442D-8DFB-E2B182FF3C89}.Release|Any CPU.Build.0 = Release|Any CPU
		{8E909B40-1F53-4701-A971-70FDB14E3A01}.Debug|Any CPU.ActiveCfg = Debug|Any CPU
		{8E909B40-1F53-4701-A971-70FDB14E3A01}.Debug|Any CPU.Build.0 = Debug|Any CPU
		{8E909B40-1F53-4701-A971-70FDB14E3A01}.Release|Any CPU.ActiveCfg = Release|Any CPU
		{8E909B40-1F53-4701-A971-70FDB14E3A01}.Release|Any CPU.Build.0 = Release|Any CPU
		{9319A257-206C-4B9F-8DF9-E936F81CFC87}.Debug|Any CPU.ActiveCfg = Debug|Any CPU
		{9319A257-206C-4B9F-8DF9-E936F81CFC87}.Debug|Any CPU.Build.0 = Debug|Any CPU
		{9319A257-206C-4B9F-8DF9-E936F81CFC87}.Release|Any CPU.ActiveCfg = Release|Any CPU
		{9319A257-206C-4B9F-8DF9-E936F81CFC87}.Release|Any CPU.Build.0 = Release|Any CPU
		{135F9F70-0F5A-4FF1-9D2F-94A23928D888}.Debug|Any CPU.ActiveCfg = Debug|Any CPU
		{135F9F70-0F5A-4FF1-9D2F-94A23928D888}.Debug|Any CPU.Build.0 = Debug|Any CPU
		{135F9F70-0F5A-4FF1-9D2F-94A23928D888}.Release|Any CPU.ActiveCfg = Release|Any CPU
		{135F9F70-0F5A-4FF1-9D2F-94A23928D888}.Release|Any CPU.Build.0 = Release|Any CPU
		{16D8800B-C382-4EC7-A382-7E0168075B63}.Debug|Any CPU.ActiveCfg = Debug|Any CPU
		{16D8800B-C382-4EC7-A382-7E0168075B63}.Debug|Any CPU.Build.0 = Debug|Any CPU
		{16D8800B-C382-4EC7-A382-7E0168075B63}.Release|Any CPU.ActiveCfg = Release|Any CPU
		{16D8800B-C382-4EC7-A382-7E0168075B63}.Release|Any CPU.Build.0 = Release|Any CPU
		{A8B0A3FD-6345-4D9F-BF15-009F09B3953B}.Debug|Any CPU.ActiveCfg = Debug|Any CPU
		{A8B0A3FD-6345-4D9F-BF15-009F09B3953B}.Debug|Any CPU.Build.0 = Debug|Any CPU
		{A8B0A3FD-6345-4D9F-BF15-009F09B3953B}.Release|Any CPU.ActiveCfg = Release|Any CPU
		{A8B0A3FD-6345-4D9F-BF15-009F09B3953B}.Release|Any CPU.Build.0 = Release|Any CPU
		{B354F2BA-A943-4A27-BFA8-9DC94A02645D}.Debug|Any CPU.ActiveCfg = Debug|Any CPU
		{B354F2BA-A943-4A27-BFA8-9DC94A02645D}.Debug|Any CPU.Build.0 = Debug|Any CPU
		{B354F2BA-A943-4A27-BFA8-9DC94A02645D}.Release|Any CPU.ActiveCfg = Release|Any CPU
		{B354F2BA-A943-4A27-BFA8-9DC94A02645D}.Release|Any CPU.Build.0 = Release|Any CPU
		{60CF6A81-3557-4B1E-8858-3A54377EEBA6}.Debug|Any CPU.ActiveCfg = Debug|Any CPU
		{60CF6A81-3557-4B1E-8858-3A54377EEBA6}.Debug|Any CPU.Build.0 = Debug|Any CPU
		{60CF6A81-3557-4B1E-8858-3A54377EEBA6}.Release|Any CPU.ActiveCfg = Release|Any CPU
		{60CF6A81-3557-4B1E-8858-3A54377EEBA6}.Release|Any CPU.Build.0 = Release|Any CPU
		{832A5E59-5582-4292-8E6A-1C79F4C0D3EA}.Debug|Any CPU.ActiveCfg = Debug|Any CPU
		{832A5E59-5582-4292-8E6A-1C79F4C0D3EA}.Debug|Any CPU.Build.0 = Debug|Any CPU
		{832A5E59-5582-4292-8E6A-1C79F4C0D3EA}.Release|Any CPU.ActiveCfg = Release|Any CPU
		{832A5E59-5582-4292-8E6A-1C79F4C0D3EA}.Release|Any CPU.Build.0 = Release|Any CPU
		{4063AB59-568C-4932-A111-66D287537BA8}.Debug|Any CPU.ActiveCfg = Debug|Any CPU
		{4063AB59-568C-4932-A111-66D287537BA8}.Debug|Any CPU.Build.0 = Debug|Any CPU
		{4063AB59-568C-4932-A111-66D287537BA8}.Release|Any CPU.ActiveCfg = Release|Any CPU
		{4063AB59-568C-4932-A111-66D287537BA8}.Release|Any CPU.Build.0 = Release|Any CPU
		{BA563AF6-AB48-482D-9A6E-1E7F1D04B14B}.Debug|Any CPU.ActiveCfg = Debug|Any CPU
		{BA563AF6-AB48-482D-9A6E-1E7F1D04B14B}.Debug|Any CPU.Build.0 = Debug|Any CPU
		{BA563AF6-AB48-482D-9A6E-1E7F1D04B14B}.Release|Any CPU.ActiveCfg = Release|Any CPU
		{BA563AF6-AB48-482D-9A6E-1E7F1D04B14B}.Release|Any CPU.Build.0 = Release|Any CPU
		{702DCC8B-4769-499E-9DF8-CBE1EE89F7F0}.Debug|Any CPU.ActiveCfg = Debug|Any CPU
		{702DCC8B-4769-499E-9DF8-CBE1EE89F7F0}.Debug|Any CPU.Build.0 = Debug|Any CPU
		{702DCC8B-4769-499E-9DF8-CBE1EE89F7F0}.Release|Any CPU.ActiveCfg = Release|Any CPU
		{702DCC8B-4769-499E-9DF8-CBE1EE89F7F0}.Release|Any CPU.Build.0 = Release|Any CPU
		{B253E8D0-84FA-4FB9-BABF-64BF4CD8C574}.Debug|Any CPU.ActiveCfg = Debug|Any CPU
		{B253E8D0-84FA-4FB9-BABF-64BF4CD8C574}.Debug|Any CPU.Build.0 = Debug|Any CPU
		{B253E8D0-84FA-4FB9-BABF-64BF4CD8C574}.Release|Any CPU.ActiveCfg = Release|Any CPU
		{B253E8D0-84FA-4FB9-BABF-64BF4CD8C574}.Release|Any CPU.Build.0 = Release|Any CPU
		{29B463C1-851A-4EBC-9721-8D7E2090E401}.Debug|Any CPU.ActiveCfg = Debug|Any CPU
		{29B463C1-851A-4EBC-9721-8D7E2090E401}.Debug|Any CPU.Build.0 = Debug|Any CPU
		{29B463C1-851A-4EBC-9721-8D7E2090E401}.Release|Any CPU.ActiveCfg = Release|Any CPU
		{29B463C1-851A-4EBC-9721-8D7E2090E401}.Release|Any CPU.Build.0 = Release|Any CPU
		{75558731-53A4-4E2C-AC36-F2BD110A5F8C}.Debug|Any CPU.ActiveCfg = Debug|Any CPU
		{75558731-53A4-4E2C-AC36-F2BD110A5F8C}.Debug|Any CPU.Build.0 = Debug|Any CPU
		{75558731-53A4-4E2C-AC36-F2BD110A5F8C}.Release|Any CPU.ActiveCfg = Release|Any CPU
		{75558731-53A4-4E2C-AC36-F2BD110A5F8C}.Release|Any CPU.Build.0 = Release|Any CPU
		{0C8527E4-F289-4C79-820B-337D76C07F1E}.Debug|Any CPU.ActiveCfg = Debug|Any CPU
		{0C8527E4-F289-4C79-820B-337D76C07F1E}.Debug|Any CPU.Build.0 = Debug|Any CPU
		{0C8527E4-F289-4C79-820B-337D76C07F1E}.Release|Any CPU.ActiveCfg = Release|Any CPU
		{0C8527E4-F289-4C79-820B-337D76C07F1E}.Release|Any CPU.Build.0 = Release|Any CPU
		{B2985881-83DE-4D6D-A14E-1ACF49735831}.Debug|Any CPU.ActiveCfg = Debug|Any CPU
		{B2985881-83DE-4D6D-A14E-1ACF49735831}.Debug|Any CPU.Build.0 = Debug|Any CPU
		{B2985881-83DE-4D6D-A14E-1ACF49735831}.Release|Any CPU.ActiveCfg = Release|Any CPU
		{B2985881-83DE-4D6D-A14E-1ACF49735831}.Release|Any CPU.Build.0 = Release|Any CPU
	EndGlobalSection
	GlobalSection(SolutionProperties) = preSolution
		HideSolutionNode = FALSE
	EndGlobalSection
	GlobalSection(NestedProjects) = preSolution
		{5E7DDE51-A37D-45F9-8D21-2D51387F9D0A} = {28AE2CC7-C39B-45E7-819A-6B964373BE0B}
		{D68853D3-1DC8-4296-885E-0E0A25F48E24} = {9BC1FCAE-3912-4D4D-9485-304D2141C860}
		{2A23CF84-24DA-494C-9F55-98F5155396E1} = {D68853D3-1DC8-4296-885E-0E0A25F48E24}
		{5C694182-DDFD-4D32-9A2B-E24987A881BD} = {9BC1FCAE-3912-4D4D-9485-304D2141C860}
		{752D8D35-4D1B-4231-8311-2E8F52F426DC} = {5C694182-DDFD-4D32-9A2B-E24987A881BD}
		{28CAB125-3665-4DD6-9BE7-CD4D29521C64} = {5C694182-DDFD-4D32-9A2B-E24987A881BD}
		{B3CFB0CE-F887-4DAE-9CB5-776EF0F2FB1C} = {9BC1FCAE-3912-4D4D-9485-304D2141C860}
		{FBE51AD8-7B73-456E-AAF6-A8A9932C3D79} = {B3CFB0CE-F887-4DAE-9CB5-776EF0F2FB1C}
		{7F53CDC5-AEE8-4042-906A-B841FED2B636} = {D68853D3-1DC8-4296-885E-0E0A25F48E24}
		{A7EF77DF-5A9D-433F-BDF6-6867AE3DC05E} = {AC5B4716-07BC-475C-B5AD-CFA7DD9B9382}
		{31189197-BB88-4352-88DF-D72A45D7D37B} = {D68853D3-1DC8-4296-885E-0E0A25F48E24}
		{F04A06E4-A9C1-4400-B721-92B27E38FDCC} = {D68853D3-1DC8-4296-885E-0E0A25F48E24}
		{02C714C7-6EA7-4770-8C08-439CC4DBFF8F} = {D68853D3-1DC8-4296-885E-0E0A25F48E24}
		{AC5B4716-07BC-475C-B5AD-CFA7DD9B9382} = {4B8B56D0-DBBE-4987-83D4-1959E24A6A25}
		{914F4971-4339-4116-84BD-DC7085CE7610} = {AC5B4716-07BC-475C-B5AD-CFA7DD9B9382}
		{3D892499-EE84-489B-AA07-50DBF9B39F81} = {D68853D3-1DC8-4296-885E-0E0A25F48E24}
		{28AE2CC7-C39B-45E7-819A-6B964373BE0B} = {4B8B56D0-DBBE-4987-83D4-1959E24A6A25}
		{8E1DD074-E878-4F85-AC74-B9FF498BB458} = {4B8B56D0-DBBE-4987-83D4-1959E24A6A25}
		{458580D3-7D90-43CB-B965-E255445703DE} = {4B8B56D0-DBBE-4987-83D4-1959E24A6A25}
		{25511CAA-4FC7-4024-B666-423B1F72C296} = {9BC1FCAE-3912-4D4D-9485-304D2141C860}
		{5610A197-9D35-4212-A449-9CFD4CB0089C} = {25511CAA-4FC7-4024-B666-423B1F72C296}
		{9D0AC25E-4702-4F07-B2B5-4259121DA58E} = {D68853D3-1DC8-4296-885E-0E0A25F48E24}
		{6A5C3C48-709A-4742-AB95-050B83DF5031} = {25511CAA-4FC7-4024-B666-423B1F72C296}
		{ABE50F0A-73E2-4489-87EA-B0E484069CA5} = {25511CAA-4FC7-4024-B666-423B1F72C296}
		{0F667114-831E-4E55-A8F5-1A78539F6B38} = {9BC1FCAE-3912-4D4D-9485-304D2141C860}
		{C9151BB9-F46D-4079-A16F-A6FCF9D1F007} = {0F667114-831E-4E55-A8F5-1A78539F6B38}
		{9D5AAB48-7134-4ABC-8D8D-659EFBCAA96F} = {D68853D3-1DC8-4296-885E-0E0A25F48E24}
		{63ED3A24-B83E-442D-8DFB-E2B182FF3C89} = {8E1DD074-E878-4F85-AC74-B9FF498BB458}
		{8E909B40-1F53-4701-A971-70FDB14E3A01} = {D68853D3-1DC8-4296-885E-0E0A25F48E24}
		{9319A257-206C-4B9F-8DF9-E936F81CFC87} = {D68853D3-1DC8-4296-885E-0E0A25F48E24}
		{135F9F70-0F5A-4FF1-9D2F-94A23928D888} = {8E1DD074-E878-4F85-AC74-B9FF498BB458}
		{43DAA42A-FADE-453B-9005-E5CC0469AAE1} = {9BC1FCAE-3912-4D4D-9485-304D2141C860}
		{16D8800B-C382-4EC7-A382-7E0168075B63} = {43DAA42A-FADE-453B-9005-E5CC0469AAE1}
		{A8B0A3FD-6345-4D9F-BF15-009F09B3953B} = {D68853D3-1DC8-4296-885E-0E0A25F48E24}
		{B354F2BA-A943-4A27-BFA8-9DC94A02645D} = {43DAA42A-FADE-453B-9005-E5CC0469AAE1}
		{E50EE55D-A3D8-45D3-9F50-3988DAE55CEC} = {9BC1FCAE-3912-4D4D-9485-304D2141C860}
		{6E976133-C90F-4F29-BF44-9E464DB887A1} = {9BC1FCAE-3912-4D4D-9485-304D2141C860}
		{60CF6A81-3557-4B1E-8858-3A54377EEBA6} = {6E976133-C90F-4F29-BF44-9E464DB887A1}
		{832A5E59-5582-4292-8E6A-1C79F4C0D3EA} = {6E976133-C90F-4F29-BF44-9E464DB887A1}
		{4063AB59-568C-4932-A111-66D287537BA8} = {E50EE55D-A3D8-45D3-9F50-3988DAE55CEC}
		{BA563AF6-AB48-482D-9A6E-1E7F1D04B14B} = {D68853D3-1DC8-4296-885E-0E0A25F48E24}
		{702DCC8B-4769-499E-9DF8-CBE1EE89F7F0} = {E50EE55D-A3D8-45D3-9F50-3988DAE55CEC}
		{B253E8D0-84FA-4FB9-BABF-64BF4CD8C574} = {D68853D3-1DC8-4296-885E-0E0A25F48E24}
		{29B463C1-851A-4EBC-9721-8D7E2090E401} = {458580D3-7D90-43CB-B965-E255445703DE}
		{75558731-53A4-4E2C-AC36-F2BD110A5F8C} = {458580D3-7D90-43CB-B965-E255445703DE}
		{401114FE-593B-43ED-8E08-69CAD2B0187E} = {04DD8D69-38D8-40D3-85AB-2AAB34ABC711}
		{C57D8D77-EEB4-47A5-80BA-2FE5C1B8DCB2} = {04DD8D69-38D8-40D3-85AB-2AAB34ABC711}
		{D7F4A66B-8A3E-4C80-A360-73AE415F31F4} = {04DD8D69-38D8-40D3-85AB-2AAB34ABC711}
		{093860E6-3642-41DB-A189-BAB00FED9E10} = {04DD8D69-38D8-40D3-85AB-2AAB34ABC711}
		{0C8527E4-F289-4C79-820B-337D76C07F1E} = {8E1DD074-E878-4F85-AC74-B9FF498BB458}
		{B2985881-83DE-4D6D-A14E-1ACF49735831} = {8E1DD074-E878-4F85-AC74-B9FF498BB458}
	EndGlobalSection
	GlobalSection(ExtensibilityGlobals) = postSolution
		SolutionGuid = {98EF0224-F03B-4148-9EC3-D50C12A24B41}
	EndGlobalSection
EndGlobal
